
Microsoft Visual Studio Solution File, Format Version 12.00
# Visual Studio Version 16
VisualStudioVersion = 16.0.30804.86
MinimumVisualStudioVersion = 10.0.40219.1
Project("{FAE04EC0-301F-11D3-BF4B-00C04F79EFBC}") = "Math Operations", "Math Operations\Math Operations.csproj", "{B2250115-0848-4FEA-882C-C3BFE0AC51C3}"
EndProject
Global
	GlobalSection(SolutionConfigurationPlatforms) = preSolution
		Debug|Any CPU = Debug|Any CPU
		Release|Any CPU = Release|Any CPU
	EndGlobalSection
	GlobalSection(ProjectConfigurationPlatforms) = postSolution
		{B2250115-0848-4FEA-882C-C3BFE0AC51C3}.Debug|Any CPU.ActiveCfg = Debug|Any CPU
		{B2250115-0848-4FEA-882C-C3BFE0AC51C3}.Debug|Any CPU.Build.0 = Debug|Any CPU
		{B2250115-0848-4FEA-882C-C3BFE0AC51C3}.Release|Any CPU.ActiveCfg = Release|Any CPU
		{B2250115-0848-4FEA-882C-C3BFE0AC51C3}.Release|Any CPU.Build.0 = Release|Any CPU
	EndGlobalSection
	GlobalSection(SolutionProperties) = preSolution
		HideSolutionNode = FALSE
	EndGlobalSection
	GlobalSection(ExtensibilityGlobals) = postSolution
		SolutionGuid = {832E4717-9155-4F40-A632-71FD783008ED}
	EndGlobalSection
EndGlobal
