
Microsoft Visual Studio Solution File, Format Version 12.00
# Visual Studio Version 16
VisualStudioVersion = 16.0.30804.86
MinimumVisualStudioVersion = 10.0.40219.1
Project("{FAE04EC0-301F-11D3-BF4B-00C04F79EFBC}") = "Class", "Class\Class.csproj", "{D4196FC0-6E1C-4DB3-A453-9F413B8D7F38}"
EndProject
Global
	GlobalSection(SolutionConfigurationPlatforms) = preSolution
		Debug|Any CPU = Debug|Any CPU
		Release|Any CPU = Release|Any CPU
	EndGlobalSection
	GlobalSection(ProjectConfigurationPlatforms) = postSolution
		{D4196FC0-6E1C-4DB3-A453-9F413B8D7F38}.Debug|Any CPU.ActiveCfg = Debug|Any CPU
		{D4196FC0-6E1C-4DB3-A453-9F413B8D7F38}.Debug|Any CPU.Build.0 = Debug|Any CPU
		{D4196FC0-6E1C-4DB3-A453-9F413B8D7F38}.Release|Any CPU.ActiveCfg = Release|Any CPU
		{D4196FC0-6E1C-4DB3-A453-9F413B8D7F38}.Release|Any CPU.Build.0 = Release|Any CPU
	EndGlobalSection
	GlobalSection(SolutionProperties) = preSolution
		HideSolutionNode = FALSE
	EndGlobalSection
	GlobalSection(ExtensibilityGlobals) = postSolution
		SolutionGuid = {3C47FD5B-22CB-4702-8646-688C5447BB39}
	EndGlobalSection
EndGlobal
